
Microsoft Visual Studio Solution File, Format Version 12.00
# Visual Studio Version 16
VisualStudioVersion = 16.0.808.4
MinimumVisualStudioVersion = 10.0.40219.1
Project("{FAE04EC0-301F-11D3-BF4B-00C04F79EFBC}") = "Algorithms", "Algorithms\Algorithms.csproj", "{CE26D5C1-3A29-4E04-9C56-B7B8536A918A}"
EndProject
Project("{FAE04EC0-301F-11D3-BF4B-00C04F79EFBC}") = "Utilities", "Utilities\Utilities.csproj", "{427FE988-09D3-47C8-B9D8-2A0E09792BB0}"
EndProject
Project("{FAE04EC0-301F-11D3-BF4B-00C04F79EFBC}") = "Tests", "Tests\Tests.csproj", "{41D68AAF-D141-478F-A499-8502E1B8910F}"
EndProject
Project("{2150E333-8FDC-42A3-9474-1A3956D46DE8}") = "Solution Items", "Solution Items", "{A5B12893-1D9B-4F5A-855F-456B906CB4AE}"
	ProjectSection(SolutionItems) = preProject
		.editorconfig = .editorconfig
	EndProjectSection
EndProject
Global
	GlobalSection(SolutionConfigurationPlatforms) = preSolution
		Debug|Any CPU = Debug|Any CPU
		Release|Any CPU = Release|Any CPU
	EndGlobalSection
	GlobalSection(ProjectConfigurationPlatforms) = postSolution
		{CE26D5C1-3A29-4E04-9C56-B7B8536A918A}.Debug|Any CPU.ActiveCfg = Debug|Any CPU
		{CE26D5C1-3A29-4E04-9C56-B7B8536A918A}.Debug|Any CPU.Build.0 = Debug|Any CPU
		{CE26D5C1-3A29-4E04-9C56-B7B8536A918A}.Release|Any CPU.ActiveCfg = Release|Any CPU
		{CE26D5C1-3A29-4E04-9C56-B7B8536A918A}.Release|Any CPU.Build.0 = Release|Any CPU
		{427FE988-09D3-47C8-B9D8-2A0E09792BB0}.Debug|Any CPU.ActiveCfg = Debug|Any CPU
		{427FE988-09D3-47C8-B9D8-2A0E09792BB0}.Debug|Any CPU.Build.0 = Debug|Any CPU
		{427FE988-09D3-47C8-B9D8-2A0E09792BB0}.Release|Any CPU.ActiveCfg = Release|Any CPU
		{427FE988-09D3-47C8-B9D8-2A0E09792BB0}.Release|Any CPU.Build.0 = Release|Any CPU
		{41D68AAF-D141-478F-A499-8502E1B8910F}.Debug|Any CPU.ActiveCfg = Debug|Any CPU
		{41D68AAF-D141-478F-A499-8502E1B8910F}.Debug|Any CPU.Build.0 = Debug|Any CPU
		{41D68AAF-D141-478F-A499-8502E1B8910F}.Release|Any CPU.ActiveCfg = Release|Any CPU
		{41D68AAF-D141-478F-A499-8502E1B8910F}.Release|Any CPU.Build.0 = Release|Any CPU
	EndGlobalSection
	GlobalSection(SolutionProperties) = preSolution
		HideSolutionNode = FALSE
	EndGlobalSection
	GlobalSection(ExtensibilityGlobals) = postSolution
		SolutionGuid = {ADEACA59-9F5B-44B1-A4D0-9BA4D2464D51}
	EndGlobalSection
EndGlobal
